// !$*UTF8*$!
{
	archiveVersion = 1;
	classes = {
	};
	objectVersion = 50;
	objects = {

/* Begin PBXBuildFile section */
		6404B2E62488461B00E1E5E5 /* AppDelegate.swift in Sources */ = {isa = PBXBuildFile; fileRef = 6404B2E52488461B00E1E5E5 /* AppDelegate.swift */; };
		6404B2E82488461B00E1E5E5 /* SceneDelegate.swift in Sources */ = {isa = PBXBuildFile; fileRef = 6404B2E72488461B00E1E5E5 /* SceneDelegate.swift */; };
		6404B2EA2488461B00E1E5E5 /* MealViewController.swift in Sources */ = {isa = PBXBuildFile; fileRef = 6404B2E92488461B00E1E5E5 /* MealViewController.swift */; };
		6404B2ED2488461B00E1E5E5 /* Main.storyboard in Resources */ = {isa = PBXBuildFile; fileRef = 6404B2EB2488461B00E1E5E5 /* Main.storyboard */; };
		6404B2EF2488461C00E1E5E5 /* Assets.xcassets in Resources */ = {isa = PBXBuildFile; fileRef = 6404B2EE2488461C00E1E5E5 /* Assets.xcassets */; };
		6404B2F22488461C00E1E5E5 /* LaunchScreen.storyboard in Resources */ = {isa = PBXBuildFile; fileRef = 6404B2F02488461C00E1E5E5 /* LaunchScreen.storyboard */; };
		6404B2FD2488461C00E1E5E5 /* FoodTrackerTests.swift in Sources */ = {isa = PBXBuildFile; fileRef = 6404B2FC2488461C00E1E5E5 /* FoodTrackerTests.swift */; };
		64189F0E248998E7000564F7 /* RatingControl.swift in Sources */ = {isa = PBXBuildFile; fileRef = 64189F0D248998E7000564F7 /* RatingControl.swift */; };
		64893147248FCE6E00ED0694 /* Meal.swift in Sources */ = {isa = PBXBuildFile; fileRef = 64893146248FCE6E00ED0694 /* Meal.swift */; };
		64BF563D2491916800774976 /* MealTableViewCell.swift in Sources */ = {isa = PBXBuildFile; fileRef = 64BF563C2491916800774976 /* MealTableViewCell.swift */; };
		64D0E6492492830E0070DFE8 /* MealTableViewController.swift in Sources */ = {isa = PBXBuildFile; fileRef = 64D0E6482492830E0070DFE8 /* MealTableViewController.swift */; };
/* End PBXBuildFile section */

/* Begin PBXContainerItemProxy section */
		6404B2F92488461C00E1E5E5 /* PBXContainerItemProxy */ = {
			isa = PBXContainerItemProxy;
			containerPortal = 6404B2DA2488461B00E1E5E5 /* Project object */;
			proxyType = 1;
			remoteGlobalIDString = 6404B2E12488461B00E1E5E5;
			remoteInfo = FoodTracker;
		};
/* End PBXContainerItemProxy section */

/* Begin PBXFileReference section */
		6404B2E22488461B00E1E5E5 /* FoodTracker.app */ = {isa = PBXFileReference; explicitFileType = wrapper.application; includeInIndex = 0; path = FoodTracker.app; sourceTree = BUILT_PRODUCTS_DIR; };
		6404B2E52488461B00E1E5E5 /* AppDelegate.swift */ = {isa = PBXFileReference; lastKnownFileType = sourcecode.swift; path = AppDelegate.swift; sourceTree = "<group>"; };
		6404B2E72488461B00E1E5E5 /* SceneDelegate.swift */ = {isa = PBXFileReference; lastKnownFileType = sourcecode.swift; path = SceneDelegate.swift; sourceTree = "<group>"; };
		6404B2E92488461B00E1E5E5 /* MealViewController.swift */ = {isa = PBXFileReference; lastKnownFileType = sourcecode.swift; path = MealViewController.swift; sourceTree = "<group>"; };
		6404B2EC2488461B00E1E5E5 /* Base */ = {isa = PBXFileReference; lastKnownFileType = file.storyboard; name = Base; path = Base.lproj/Main.storyboard; sourceTree = "<group>"; };
		6404B2EE2488461C00E1E5E5 /* Assets.xcassets */ = {isa = PBXFileReference; lastKnownFileType = folder.assetcatalog; path = Assets.xcassets; sourceTree = "<group>"; };
		6404B2F12488461C00E1E5E5 /* Base */ = {isa = PBXFileReference; lastKnownFileType = file.storyboard; name = Base; path = Base.lproj/LaunchScreen.storyboard; sourceTree = "<group>"; };
		6404B2F32488461C00E1E5E5 /* Info.plist */ = {isa = PBXFileReference; lastKnownFileType = text.plist.xml; path = Info.plist; sourceTree = "<group>"; };
		6404B2F82488461C00E1E5E5 /* FoodTrackerTests.xctest */ = {isa = PBXFileReference; explicitFileType = wrapper.cfbundle; includeInIndex = 0; path = FoodTrackerTests.xctest; sourceTree = BUILT_PRODUCTS_DIR; };
		6404B2FC2488461C00E1E5E5 /* FoodTrackerTests.swift */ = {isa = PBXFileReference; lastKnownFileType = sourcecode.swift; path = FoodTrackerTests.swift; sourceTree = "<group>"; };
		6404B2FE2488461C00E1E5E5 /* Info.plist */ = {isa = PBXFileReference; lastKnownFileType = text.plist.xml; path = Info.plist; sourceTree = "<group>"; };
		64189F0D248998E7000564F7 /* RatingControl.swift */ = {isa = PBXFileReference; lastKnownFileType = sourcecode.swift; path = RatingControl.swift; sourceTree = "<group>"; };
		64893146248FCE6E00ED0694 /* Meal.swift */ = {isa = PBXFileReference; lastKnownFileType = sourcecode.swift; path = Meal.swift; sourceTree = "<group>"; };
		64BF563C2491916800774976 /* MealTableViewCell.swift */ = {isa = PBXFileReference; lastKnownFileType = sourcecode.swift; path = MealTableViewCell.swift; sourceTree = "<group>"; };
		64D0E6482492830E0070DFE8 /* MealTableViewController.swift */ = {isa = PBXFileReference; lastKnownFileType = sourcecode.swift; path = MealTableViewController.swift; sourceTree = "<group>"; };
/* End PBXFileReference section */

/* Begin PBXFrameworksBuildPhase section */
		6404B2DF2488461B00E1E5E5 /* Frameworks */ = {
			isa = PBXFrameworksBuildPhase;
			buildActionMask = 2147483647;
			files = (
			);
			runOnlyForDeploymentPostprocessing = 0;
		};
		6404B2F52488461C00E1E5E5 /* Frameworks */ = {
			isa = PBXFrameworksBuildPhase;
			buildActionMask = 2147483647;
			files = (
			);
			runOnlyForDeploymentPostprocessing = 0;
		};
/* End PBXFrameworksBuildPhase section */

/* Begin PBXGroup section */
		6404B2D92488461B00E1E5E5 = {
			isa = PBXGroup;
			children = (
				6404B2E42488461B00E1E5E5 /* FoodTracker */,
				6404B2FB2488461C00E1E5E5 /* FoodTrackerTests */,
				6404B2E32488461B00E1E5E5 /* Products */,
			);
			sourceTree = "<group>";
		};
		6404B2E32488461B00E1E5E5 /* Products */ = {
			isa = PBXGroup;
			children = (
				6404B2E22488461B00E1E5E5 /* FoodTracker.app */,
				6404B2F82488461C00E1E5E5 /* FoodTrackerTests.xctest */,
			);
			name = Products;
			sourceTree = "<group>";
		};
		6404B2E42488461B00E1E5E5 /* FoodTracker */ = {
			isa = PBXGroup;
			children = (
				6404B2E52488461B00E1E5E5 /* AppDelegate.swift */,
				6404B2E72488461B00E1E5E5 /* SceneDelegate.swift */,
				6404B2E92488461B00E1E5E5 /* MealViewController.swift */,
				64189F0D248998E7000564F7 /* RatingControl.swift */,
				64893146248FCE6E00ED0694 /* Meal.swift */,
				64BF563C2491916800774976 /* MealTableViewCell.swift */,
				6404B2EB2488461B00E1E5E5 /* Main.storyboard */,
				64D0E6482492830E0070DFE8 /* MealTableViewController.swift */,
				6404B2EE2488461C00E1E5E5 /* Assets.xcassets */,
				6404B2F02488461C00E1E5E5 /* LaunchScreen.storyboard */,
				6404B2F32488461C00E1E5E5 /* Info.plist */,
			);
			path = FoodTracker;
			sourceTree = "<group>";
		};
		6404B2FB2488461C00E1E5E5 /* FoodTrackerTests */ = {
			isa = PBXGroup;
			children = (
				6404B2FC2488461C00E1E5E5 /* FoodTrackerTests.swift */,
				6404B2FE2488461C00E1E5E5 /* Info.plist */,
			);
			path = FoodTrackerTests;
			sourceTree = "<group>";
		};
/* End PBXGroup section */

/* Begin PBXNativeTarget section */
		6404B2E12488461B00E1E5E5 /* FoodTracker */ = {
			isa = PBXNativeTarget;
			buildConfigurationList = 6404B3012488461C00E1E5E5 /* Build configuration list for PBXNativeTarget "FoodTracker" */;
			buildPhases = (
				6404B2DE2488461B00E1E5E5 /* Sources */,
				6404B2DF2488461B00E1E5E5 /* Frameworks */,
				6404B2E02488461B00E1E5E5 /* Resources */,
			);
			buildRules = (
			);
			dependencies = (
			);
			name = FoodTracker;
			productName = FoodTracker;
			productReference = 6404B2E22488461B00E1E5E5 /* FoodTracker.app */;
			productType = "com.apple.product-type.application";
		};
		6404B2F72488461C00E1E5E5 /* FoodTrackerTests */ = {
			isa = PBXNativeTarget;
			buildConfigurationList = 6404B3042488461C00E1E5E5 /* Build configuration list for PBXNativeTarget "FoodTrackerTests" */;
			buildPhases = (
				6404B2F42488461C00E1E5E5 /* Sources */,
				6404B2F52488461C00E1E5E5 /* Frameworks */,
				6404B2F62488461C00E1E5E5 /* Resources */,
			);
			buildRules = (
			);
			dependencies = (
				6404B2FA2488461C00E1E5E5 /* PBXTargetDependency */,
			);
			name = FoodTrackerTests;
			productName = FoodTrackerTests;
			productReference = 6404B2F82488461C00E1E5E5 /* FoodTrackerTests.xctest */;
			productType = "com.apple.product-type.bundle.unit-test";
		};
/* End PBXNativeTarget section */

/* Begin PBXProject section */
		6404B2DA2488461B00E1E5E5 /* Project object */ = {
			isa = PBXProject;
			attributes = {
				LastSwiftUpdateCheck = 1130;
				LastUpgradeCheck = 1130;
				ORGANIZATIONNAME = Wizard;
				TargetAttributes = {
					6404B2E12488461B00E1E5E5 = {
						CreatedOnToolsVersion = 11.3.1;
					};
					6404B2F72488461C00E1E5E5 = {
						CreatedOnToolsVersion = 11.3.1;
						TestTargetID = 6404B2E12488461B00E1E5E5;
					};
				};
			};
			buildConfigurationList = 6404B2DD2488461B00E1E5E5 /* Build configuration list for PBXProject "FoodTracker" */;
			compatibilityVersion = "Xcode 9.3";
			developmentRegion = en;
			hasScannedForEncodings = 0;
			knownRegions = (
				en,
				Base,
			);
			mainGroup = 6404B2D92488461B00E1E5E5;
			productRefGroup = 6404B2E32488461B00E1E5E5 /* Products */;
			projectDirPath = "";
			projectRoot = "";
			targets = (
				6404B2E12488461B00E1E5E5 /* FoodTracker */,
				6404B2F72488461C00E1E5E5 /* FoodTrackerTests */,
			);
		};
/* End PBXProject section */

/* Begin PBXResourcesBuildPhase section */
		6404B2E02488461B00E1E5E5 /* Resources */ = {
			isa = PBXResourcesBuildPhase;
			buildActionMask = 2147483647;
			files = (
				6404B2F22488461C00E1E5E5 /* LaunchScreen.storyboard in Resources */,
				6404B2EF2488461C00E1E5E5 /* Assets.xcassets in Resources */,
				6404B2ED2488461B00E1E5E5 /* Main.storyboard in Resources */,
			);
			runOnlyForDeploymentPostprocessing = 0;
		};
		6404B2F62488461C00E1E5E5 /* Resources */ = {
			isa = PBXResourcesBuildPhase;
			buildActionMask = 2147483647;
			files = (
			);
			runOnlyForDeploymentPostprocessing = 0;
		};
/* End PBXResourcesBuildPhase section */

/* Begin PBXSourcesBuildPhase section */
		6404B2DE2488461B00E1E5E5 /* Sources */ = {
			isa = PBXSourcesBuildPhase;
			buildActionMask = 2147483647;
			files = (
				64893147248FCE6E00ED0694 /* Meal.swift in Sources */,
				64D0E6492492830E0070DFE8 /* MealTableViewController.swift in Sources */,
				64189F0E248998E7000564F7 /* RatingControl.swift in Sources */,
				64BF563D2491916800774976 /* MealTableViewCell.swift in Sources */,
				6404B2EA2488461B00E1E5E5 /* MealViewController.swift in Sources */,
				6404B2E62488461B00E1E5E5 /* AppDelegate.swift in Sources */,
				6404B2E82488461B00E1E5E5 /* SceneDelegate.swift in Sources */,
			);
			runOnlyForDeploymentPostprocessing = 0;
		};
		6404B2F42488461C00E1E5E5 /* Sources */ = {
			isa = PBXSourcesBuildPhase;
			buildActionMask = 2147483647;
			files = (
				6404B2FD2488461C00E1E5E5 /* FoodTrackerTests.swift in Sources */,
			);
			runOnlyForDeploymentPostprocessing = 0;
		};
/* End PBXSourcesBuildPhase section */

/* Begin PBXTargetDependency section */
		6404B2FA2488461C00E1E5E5 /* PBXTargetDependency */ = {
			isa = PBXTargetDependency;
			target = 6404B2E12488461B00E1E5E5 /* FoodTracker */;
			targetProxy = 6404B2F92488461C00E1E5E5 /* PBXContainerItemProxy */;
		};
/* End PBXTargetDependency section */

/* Begin PBXVariantGroup section */
		6404B2EB2488461B00E1E5E5 /* Main.storyboard */ = {
			isa = PBXVariantGroup;
			children = (
				6404B2EC2488461B00E1E5E5 /* Base */,
			);
			name = Main.storyboard;
			sourceTree = "<group>";
		};
		6404B2F02488461C00E1E5E5 /* LaunchScreen.storyboard */ = {
			isa = PBXVariantGroup;
			children = (
				6404B2F12488461C00E1E5E5 /* Base */,
			);
			name = LaunchScreen.storyboard;
			sourceTree = "<group>";
		};
/* End PBXVariantGroup section */

/* Begin XCBuildConfiguration section */
		6404B2FF2488461C00E1E5E5 /* Debug */ = {
			isa = XCBuildConfiguration;
			buildSettings = {
				ALWAYS_SEARCH_USER_PATHS = NO;
				CLANG_ANALYZER_NONNULL = YES;
				CLANG_ANALYZER_NUMBER_OBJECT_CONVERSION = YES_AGGRESSIVE;
				CLANG_CXX_LANGUAGE_STANDARD = "gnu++14";
				CLANG_CXX_LIBRARY = "libc++";
				CLANG_ENABLE_MODULES = YES;
				CLANG_ENABLE_OBJC_ARC = YES;
				CLANG_ENABLE_OBJC_WEAK = YES;
				CLANG_WARN_BLOCK_CAPTURE_AUTORELEASING = YES;
				CLANG_WARN_BOOL_CONVERSION = YES;
				CLANG_WARN_COMMA = YES;
				CLANG_WARN_CONSTANT_CONVERSION = YES;
				CLANG_WARN_DEPRECATED_OBJC_IMPLEMENTATIONS = YES;
				CLANG_WARN_DIRECT_OBJC_ISA_USAGE = YES_ERROR;
				CLANG_WARN_DOCUMENTATION_COMMENTS = YES;
				CLANG_WARN_EMPTY_BODY = YES;
				CLANG_WARN_ENUM_CONVERSION = YES;
				CLANG_WARN_INFINITE_RECURSION = YES;
				CLANG_WARN_INT_CONVERSION = YES;
				CLANG_WARN_NON_LITERAL_NULL_CONVERSION = YES;
				CLANG_WARN_OBJC_IMPLICIT_RETAIN_SELF = YES;
				CLANG_WARN_OBJC_LITERAL_CONVERSION = YES;
				CLANG_WARN_OBJC_ROOT_CLASS = YES_ERROR;
				CLANG_WARN_RANGE_LOOP_ANALYSIS = YES;
				CLANG_WARN_STRICT_PROTOTYPES = YES;
				CLANG_WARN_SUSPICIOUS_MOVE = YES;
				CLANG_WARN_UNGUARDED_AVAILABILITY = YES_AGGRESSIVE;
				CLANG_WARN_UNREACHABLE_CODE = YES;
				CLANG_WARN__DUPLICATE_METHOD_MATCH = YES;
				COPY_PHASE_STRIP = NO;
				DEBUG_INFORMATION_FORMAT = dwarf;
				ENABLE_STRICT_OBJC_MSGSEND = YES;
				ENABLE_TESTABILITY = YES;
				GCC_C_LANGUAGE_STANDARD = gnu11;
				GCC_DYNAMIC_NO_PIC = NO;
				GCC_NO_COMMON_BLOCKS = YES;
				GCC_OPTIMIZATION_LEVEL = 0;
				GCC_PREPROCESSOR_DEFINITIONS = (
					"DEBUG=1",
					"$(inherited)",
				);
				GCC_WARN_64_TO_32_BIT_CONVERSION = YES;
				GCC_WARN_ABOUT_RETURN_TYPE = YES_ERROR;
				GCC_WARN_UNDECLARED_SELECTOR = YES;
				GCC_WARN_UNINITIALIZED_AUTOS = YES_AGGRESSIVE;
				GCC_WARN_UNUSED_FUNCTION = YES;
				GCC_WARN_UNUSED_VARIABLE = YES;
				IPHONEOS_DEPLOYMENT_TARGET = 13.2;
				MTL_ENABLE_DEBUG_INFO = INCLUDE_SOURCE;
				MTL_FAST_MATH = YES;
				ONLY_ACTIVE_ARCH = YES;
				SDKROOT = iphoneos;
				SWIFT_ACTIVE_COMPILATION_CONDITIONS = DEBUG;
				SWIFT_OPTIMIZATION_LEVEL = "-Onone";
			};
			name = Debug;
		};
		6404B3002488461C00E1E5E5 /* Release */ = {
			isa = XCBuildConfiguration;
			buildSettings = {
				ALWAYS_SEARCH_USER_PATHS = NO;
				CLANG_ANALYZER_NONNULL = YES;
				CLANG_ANALYZER_NUMBER_OBJECT_CONVERSION = YES_AGGRESSIVE;
				CLANG_CXX_LANGUAGE_STANDARD = "gnu++14";
				CLANG_CXX_LIBRARY = "libc++";
				CLANG_ENABLE_MODULES = YES;
				CLANG_ENABLE_OBJC_ARC = YES;
				CLANG_ENABLE_OBJC_WEAK = YES;
				CLANG_WARN_BLOCK_CAPTURE_AUTORELEASING = YES;
				CLANG_WARN_BOOL_CONVERSION = YES;
				CLANG_WARN_COMMA = YES;
				CLANG_WARN_CONSTANT_CONVERSION = YES;
				CLANG_WARN_DEPRECATED_OBJC_IMPLEMENTATIONS = YES;
				CLANG_WARN_DIRECT_OBJC_ISA_USAGE = YES_ERROR;
				CLANG_WARN_DOCUMENTATION_COMMENTS = YES;
				CLANG_WARN_EMPTY_BODY = YES;
				CLANG_WARN_ENUM_CONVERSION = YES;
				CLANG_WARN_INFINITE_RECURSION = YES;
				CLANG_WARN_INT_CONVERSION = YES;
				CLANG_WARN_NON_LITERAL_NULL_CONVERSION = YES;
				CLANG_WARN_OBJC_IMPLICIT_RETAIN_SELF = YES;
				CLANG_WARN_OBJC_LITERAL_CONVERSION = YES;
				CLANG_WARN_OBJC_ROOT_CLASS = YES_ERROR;
				CLANG_WARN_RANGE_LOOP_ANALYSIS = YES;
				CLANG_WARN_STRICT_PROTOTYPES = YES;
				CLANG_WARN_SUSPICIOUS_MOVE = YES;
				CLANG_WARN_UNGUARDED_AVAILABILITY = YES_AGGRESSIVE;
				CLANG_WARN_UNREACHABLE_CODE = YES;
				CLANG_WARN__DUPLICATE_METHOD_MATCH = YES;
				COPY_PHASE_STRIP = NO;
				DEBUG_INFORMATION_FORMAT = "dwarf-with-dsym";
				ENABLE_NS_ASSERTIONS = NO;
				ENABLE_STRICT_OBJC_MSGSEND = YES;
				GCC_C_LANGUAGE_STANDARD = gnu11;
				GCC_NO_COMMON_BLOCKS = YES;
				GCC_WARN_64_TO_32_BIT_CONVERSION = YES;
				GCC_WARN_ABOUT_RETURN_TYPE = YES_ERROR;
				GCC_WARN_UNDECLARED_SELECTOR = YES;
				GCC_WARN_UNINITIALIZED_AUTOS = YES_AGGRESSIVE;
				GCC_WARN_UNUSED_FUNCTION = YES;
				GCC_WARN_UNUSED_VARIABLE = YES;
				IPHONEOS_DEPLOYMENT_TARGET = 13.2;
				MTL_ENABLE_DEBUG_INFO = NO;
				MTL_FAST_MATH = YES;
				SDKROOT = iphoneos;
				SWIFT_COMPILATION_MODE = wholemodule;
				SWIFT_OPTIMIZATION_LEVEL = "-O";
				VALIDATE_PRODUCT = YES;
			};
			name = Release;
		};
		6404B3022488461C00E1E5E5 /* Debug */ = {
			isa = XCBuildConfiguration;
			buildSettings = {
				ASSETCATALOG_COMPILER_APPICON_NAME = AppIcon;
				CODE_SIGN_STYLE = Automatic;
				DEVELOPMENT_TEAM = F4HBUXVW4K;
				INFOPLIST_FILE = FoodTracker/Info.plist;
				LD_RUNPATH_SEARCH_PATHS = (
					"$(inherited)",
					"@executable_path/Frameworks",
				);
				PRODUCT_BUNDLE_IDENTIFIER = F4HBUXVW4K.FoodTracker;
				PRODUCT_NAME = "$(TARGET_NAME)";
				SWIFT_VERSION = 5.0;
				TARGETED_DEVICE_FAMILY = "1,2";
			};
			name = Debug;
		};
		6404B3032488461C00E1E5E5 /* Release */ = {
			isa = XCBuildConfiguration;
			buildSettings = {
				ASSETCATALOG_COMPILER_APPICON_NAME = AppIcon;
				CODE_SIGN_STYLE = Automatic;
				DEVELOPMENT_TEAM = F4HBUXVW4K;
				INFOPLIST_FILE = FoodTracker/Info.plist;
				LD_RUNPATH_SEARCH_PATHS = (
					"$(inherited)",
					"@executable_path/Frameworks",
				);
				PRODUCT_BUNDLE_IDENTIFIER = F4HBUXVW4K.FoodTracker;
				PRODUCT_NAME = "$(TARGET_NAME)";
				SWIFT_VERSION = 5.0;
				TARGETED_DEVICE_FAMILY = "1,2";
			};
			name = Release;
		};
		6404B3052488461C00E1E5E5 /* Debug */ = {
			isa = XCBuildConfiguration;
			buildSettings = {
				ALWAYS_EMBED_SWIFT_STANDARD_LIBRARIES = YES;
				BUNDLE_LOADER = "$(TEST_HOST)";
				CODE_SIGN_STYLE = Automatic;
				DEVELOPMENT_TEAM = F4HBUXVW4K;
				INFOPLIST_FILE = FoodTrackerTests/Info.plist;
				IPHONEOS_DEPLOYMENT_TARGET = 13.2;
				LD_RUNPATH_SEARCH_PATHS = (
					"$(inherited)",
					"@executable_path/Frameworks",
					"@loader_path/Frameworks",
				);
				PRODUCT_BUNDLE_IDENTIFIER = F4HBUXVW4K.FoodTrackerTests;
				PRODUCT_NAME = "$(TARGET_NAME)";
				SWIFT_VERSION = 5.0;
				TARGETED_DEVICE_FAMILY = "1,2";
				TEST_HOST = "$(BUILT_PRODUCTS_DIR)/FoodTracker.app/FoodTracker";
			};
			name = Debug;
		};
		6404B3062488461C00E1E5E5 /* Release */ = {
			isa = XCBuildConfiguration;
			buildSettings = {
				ALWAYS_EMBED_SWIFT_STANDARD_LIBRARIES = YES;
				BUNDLE_LOADER = "$(TEST_HOST)";
				CODE_SIGN_STYLE = Automatic;
				DEVELOPMENT_TEAM = F4HBUXVW4K;
				INFOPLIST_FILE = FoodTrackerTests/Info.plist;
				IPHONEOS_DEPLOYMENT_TARGET = 13.2;
				LD_RUNPATH_SEARCH_PATHS = (
					"$(inherited)",
					"@executable_path/Frameworks",
					"@loader_path/Frameworks",
				);
				PRODUCT_BUNDLE_IDENTIFIER = F4HBUXVW4K.FoodTrackerTests;
				PRODUCT_NAME = "$(TARGET_NAME)";
				SWIFT_VERSION = 5.0;
				TARGETED_DEVICE_FAMILY = "1,2";
				TEST_HOST = "$(BUILT_PRODUCTS_DIR)/FoodTracker.app/FoodTracker";
			};
			name = Release;
		};
/* End XCBuildConfiguration section */

/* Begin XCConfigurationList section */
		6404B2DD2488461B00E1E5E5 /* Build configuration list for PBXProject "FoodTracker" */ = {
			isa = XCConfigurationList;
			buildConfigurations = (
				6404B2FF2488461C00E1E5E5 /* Debug */,
				6404B3002488461C00E1E5E5 /* Release */,
			);
			defaultConfigurationIsVisible = 0;
			defaultConfigurationName = Release;
		};
		6404B3012488461C00E1E5E5 /* Build configuration list for PBXNativeTarget "FoodTracker" */ = {
			isa = XCConfigurationList;
			buildConfigurations = (
				6404B3022488461C00E1E5E5 /* Debug */,
				6404B3032488461C00E1E5E5 /* Release */,
			);
			defaultConfigurationIsVisible = 0;
			defaultConfigurationName = Release;
		};
		6404B3042488461C00E1E5E5 /* Build configuration list for PBXNativeTarget "FoodTrackerTests" */ = {
			isa = XCConfigurationList;
			buildConfigurations = (
				6404B3052488461C00E1E5E5 /* Debug */,
				6404B3062488461C00E1E5E5 /* Release */,
			);
			defaultConfigurationIsVisible = 0;
			defaultConfigurationName = Release;
		};
/* End XCConfigurationList section */
	};
	rootObject = 6404B2DA2488461B00E1E5E5 /* Project object */;
}
